
Microsoft Visual Studio Solution File, Format Version 12.00
# Visual Studio Version 17
VisualStudioVersion = 17.0.31919.166
MinimumVisualStudioVersion = 10.0.40219.1
Project("{FAE04EC0-301F-11D3-BF4B-00C04F79EFBC}") = "Lean Manufacturing", "Lean Manufacturing\Lean Manufacturing.csproj", "{A7E2F5BF-9219-4785-B395-8DB75B418983}"
EndProject
Global
	GlobalSection(SolutionConfigurationPlatforms) = preSolution
		Debug|Any CPU = Debug|Any CPU
		Release|Any CPU = Release|Any CPU
	EndGlobalSection
	GlobalSection(ProjectConfigurationPlatforms) = postSolution
		{A7E2F5BF-9219-4785-B395-8DB75B418983}.Debug|Any CPU.ActiveCfg = Debug|Any CPU
		{A7E2F5BF-9219-4785-B395-8DB75B418983}.Debug|Any CPU.Build.0 = Debug|Any CPU
		{A7E2F5BF-9219-4785-B395-8DB75B418983}.Release|Any CPU.ActiveCfg = Release|Any CPU
		{A7E2F5BF-9219-4785-B395-8DB75B418983}.Release|Any CPU.Build.0 = Release|Any CPU
	EndGlobalSection
	GlobalSection(SolutionProperties) = preSolution
		HideSolutionNode = FALSE
	EndGlobalSection
	GlobalSection(ExtensibilityGlobals) = postSolution
		SolutionGuid = {7FA2671E-C061-47F9-8616-B80A4118A53A}
	EndGlobalSection
EndGlobal
